
Microsoft Visual Studio Solution File, Format Version 12.00
# Visual Studio Version 16
VisualStudioVersion = 16.0.31205.134
MinimumVisualStudioVersion = 10.0.40219.1
Project("{FAE04EC0-301F-11D3-BF4B-00C04F79EFBC}") = "lesson3.2", "lesson3.2.csproj", "{DC283E89-23CE-49A8-9C5D-A11FB4C176C4}"
EndProject
Global
	GlobalSection(SolutionConfigurationPlatforms) = preSolution
		Debug|Any CPU = Debug|Any CPU
		Release|Any CPU = Release|Any CPU
	EndGlobalSection
	GlobalSection(ProjectConfigurationPlatforms) = postSolution
		{DC283E89-23CE-49A8-9C5D-A11FB4C176C4}.Debug|Any CPU.ActiveCfg = Debug|Any CPU
		{DC283E89-23CE-49A8-9C5D-A11FB4C176C4}.Debug|Any CPU.Build.0 = Debug|Any CPU
		{DC283E89-23CE-49A8-9C5D-A11FB4C176C4}.Release|Any CPU.ActiveCfg = Release|Any CPU
		{DC283E89-23CE-49A8-9C5D-A11FB4C176C4}.Release|Any CPU.Build.0 = Release|Any CPU
	EndGlobalSection
	GlobalSection(SolutionProperties) = preSolution
		HideSolutionNode = FALSE
	EndGlobalSection
	GlobalSection(ExtensibilityGlobals) = postSolution
		SolutionGuid = {02DA0263-94AE-4E17-AE38-82E4D48C4360}
	EndGlobalSection
EndGlobal
